
Microsoft Visual Studio Solution File, Format Version 12.00
# Visual Studio 15
VisualStudioVersion = 15.0.27703.2047
MinimumVisualStudioVersion = 10.0.40219.1
Project("{FAE04EC0-301F-11D3-BF4B-00C04F79EFBC}") = "RpiRoboControl", "RpiRoboControl\RpiRoboControl.csproj", "{2930A33D-29A4-4784-B63B-D76046A854C9}"
EndProject
Global
	GlobalSection(SolutionConfigurationPlatforms) = preSolution
		Debug|Any CPU = Debug|Any CPU
		Release|Any CPU = Release|Any CPU
	EndGlobalSection
	GlobalSection(ProjectConfigurationPlatforms) = postSolution
		{2930A33D-29A4-4784-B63B-D76046A854C9}.Debug|Any CPU.ActiveCfg = Debug|Any CPU
		{2930A33D-29A4-4784-B63B-D76046A854C9}.Debug|Any CPU.Build.0 = Debug|Any CPU
		{2930A33D-29A4-4784-B63B-D76046A854C9}.Release|Any CPU.ActiveCfg = Release|Any CPU
		{2930A33D-29A4-4784-B63B-D76046A854C9}.Release|Any CPU.Build.0 = Release|Any CPU
	EndGlobalSection
	GlobalSection(SolutionProperties) = preSolution
		HideSolutionNode = FALSE
	EndGlobalSection
	GlobalSection(ExtensibilityGlobals) = postSolution
		SolutionGuid = {21BE0AFF-1D8A-496F-B642-57B7E7B3FE20}
	EndGlobalSection
EndGlobal
